
Microsoft Visual Studio Solution File, Format Version 12.00
# Visual Studio Version 16
VisualStudioVersion = 25.0.1705.6
MinimumVisualStudioVersion = 10.0.40219.1
Project("{FAE04EC0-301F-11D3-BF4B-00C04F79EFBC}") = "Pertemuan13", "Pertemuan13\Pertemuan13.csproj", "{F10E0F8B-D80B-463B-8CD6-EA639B078DBA}"
EndProject
Global
	GlobalSection(SolutionConfigurationPlatforms) = preSolution
		Debug|Any CPU = Debug|Any CPU
		Release|Any CPU = Release|Any CPU
	EndGlobalSection
	GlobalSection(ProjectConfigurationPlatforms) = postSolution
		{F10E0F8B-D80B-463B-8CD6-EA639B078DBA}.Debug|Any CPU.ActiveCfg = Debug|Any CPU
		{F10E0F8B-D80B-463B-8CD6-EA639B078DBA}.Debug|Any CPU.Build.0 = Debug|Any CPU
		{F10E0F8B-D80B-463B-8CD6-EA639B078DBA}.Release|Any CPU.ActiveCfg = Release|Any CPU
		{F10E0F8B-D80B-463B-8CD6-EA639B078DBA}.Release|Any CPU.Build.0 = Release|Any CPU
	EndGlobalSection
	GlobalSection(SolutionProperties) = preSolution
		HideSolutionNode = FALSE
	EndGlobalSection
	GlobalSection(ExtensibilityGlobals) = postSolution
		SolutionGuid = {61418B0C-F4AD-4808-9D68-C20EF73A0A7F}
	EndGlobalSection
EndGlobal
